// !$*UTF8*$!
{
	archiveVersion = 1;
	classes = {
	};
	objectVersion = 77;
	objects = {

/* Begin PBXBuildFile section */
		143824037C033B24F2808F5A /* Mascot.swift in Sources */ = {isa = PBXBuildFile; fileRef = B5DF6DF9EBC03BD1FD26F4E5 /* Mascot.swift */; };
		1F7603E5A7EEE7B52D268F06 /* PathView.swift in Sources */ = {isa = PBXBuildFile; fileRef = 813053B582C2EFAF417CC88E /* PathView.swift */; };
		2217E4289ED3D4E24EE30A96 /* Models.swift in Sources */ = {isa = PBXBuildFile; fileRef = E50C60485E12FCEF206F4D57 /* Models.swift */; };
		23D2474872479DC03F161DB6 /* LessonCards.swift in Sources */ = {isa = PBXBuildFile; fileRef = 7767FEBD7144307288AA938D /* LessonCards.swift */; };
		31E0D6BB6126E46AF0E85EE9 /* DesignSystem.swift in Sources */ = {isa = PBXBuildFile; fileRef = CC01E1C2A2A730067441AE9B /* DesignSystem.swift */; };
		44079CEF76A28318B2A88DD6 /* u1-l1.json in Resources */ = {isa = PBXBuildFile; fileRef = 578AB675E97857A3DA438A25 /* u1-l1.json */; };
		480669B6B3153BE151268E1B /* API.swift in Sources */ = {isa = PBXBuildFile; fileRef = 1D50AC4259AB7A60B2BD290E /* API.swift */; };
		4D2124A7311382161EB0314E /* u0-l4.json in Resources */ = {isa = PBXBuildFile; fileRef = 1E163ADF01AD5D4E8D2E6DC5 /* u0-l4.json */; };
		5655542AFAD44A790088D074 /* u0-l3.json in Resources */ = {isa = PBXBuildFile; fileRef = 3A6D7560067BA8D15E5CA67B /* u0-l3.json */; };
		585681949E199F28D45B41D1 /* u0-l1.json in Resources */ = {isa = PBXBuildFile; fileRef = 20802E07457176CA20E0D4C0 /* u0-l1.json */; };
		5F15331469A7670ED4FF0A7E /* OnboardingView.swift in Sources */ = {isa = PBXBuildFile; fileRef = 4DE635018C55B15022143C45 /* OnboardingView.swift */; };
		68260E889CE219278DEA99A7 /* AIBitesApp.swift in Sources */ = {isa = PBXBuildFile; fileRef = 35FAAE680DCB6D5EB4A81EC4 /* AIBitesApp.swift */; };
		689FBDECC6044DCC35FB5CD4 /* ProfileView.swift in Sources */ = {isa = PBXBuildFile; fileRef = CADB877B5AF42FDE3280C6B9 /* ProfileView.swift */; };
		7168C93510A296B23E9EC5DD /* ActivityView.swift in Sources */ = {isa = PBXBuildFile; fileRef = 13B60C5418EF7FBEAF4B9F8C /* ActivityView.swift */; };
		75E28550514F9120FF3EC7A1 /* RootTabView.swift in Sources */ = {isa = PBXBuildFile; fileRef = ECBD9D04BC7771A3A442AA33 /* RootTabView.swift */; };
		79BC4777B64813CB8BD8F6E1 /* NotificationsView.swift in Sources */ = {isa = PBXBuildFile; fileRef = CF8854363A2A1CCEF380FBB1 /* NotificationsView.swift */; };
		7D0526129401C91864DC72DC /* ByteChatView.swift in Sources */ = {isa = PBXBuildFile; fileRef = 84460DF0E83E86A7001B52B4 /* ByteChatView.swift */; };
		8E9F75D728730FD3260BA7B8 /* LessonPlayerView.swift in Sources */ = {isa = PBXBuildFile; fileRef = 1433F9B7DF9B07BA0351FC96 /* LessonPlayerView.swift */; };
		9243D4D93934BAED07CA30AB /* u0-l5.json in Resources */ = {isa = PBXBuildFile; fileRef = 88F126AC68D5299E15BD56F1 /* u0-l5.json */; };
		9A963F1F3BFCE92F3B88F0EE /* u0-l2.json in Resources */ = {isa = PBXBuildFile; fileRef = B14EBA2AB6B246673C29B455 /* u0-l2.json */; };
		A27802A1731377EE01306A6F /* u1-l4.json in Resources */ = {isa = PBXBuildFile; fileRef = FF360D22F3C3FD960AF5F22A /* u1-l4.json */; };
		A699C08776DE79DD6B829521 /* u2-l2.json in Resources */ = {isa = PBXBuildFile; fileRef = 611E4F7868EED2B58501ACF0 /* u2-l2.json */; };
		AB7E37977558CDD2630A2619 /* u2-l1.json in Resources */ = {isa = PBXBuildFile; fileRef = A81382DB716B2C670AF3D87C /* u2-l1.json */; };
		ADC016E130425DF22EB51ED6 /* u1-l5.json in Resources */ = {isa = PBXBuildFile; fileRef = 5141446EB159B76F8AD06AA9 /* u1-l5.json */; };
		AE6B00C713E757B7067EE0BC /* HomeView.swift in Sources */ = {isa = PBXBuildFile; fileRef = 887F5294254ECF942045D447 /* HomeView.swift */; };
		B5A0BD23DF5A76A60B59C4ED /* Narrator.swift in Sources */ = {isa = PBXBuildFile; fileRef = 7F7B2C344F4E12D4874D41F4 /* Narrator.swift */; };
		B6882A9BDF171340AAEEFB14 /* u2-l4.json in Resources */ = {isa = PBXBuildFile; fileRef = 1A4C954195B16CB8C313B1ED /* u2-l4.json */; };
		B6F608DF32D34CF58FEC0462 /* AppStore.swift in Sources */ = {isa = PBXBuildFile; fileRef = 756E4A3C6D945733A9617E6F /* AppStore.swift */; };
		B7BC4C212C6734F56C931A6F /* Assets.xcassets in Resources */ = {isa = PBXBuildFile; fileRef = B78064385C5EB36544741D30 /* Assets.xcassets */; };
		C1511E137EC2A9416743772E /* Icons.swift in Sources */ = {isa = PBXBuildFile; fileRef = DD4B6C737D5F3FE0847E8AD0 /* Icons.swift */; };
		D53A5026A2480027A3D81301 /* UITest.swift in Sources */ = {isa = PBXBuildFile; fileRef = 974276FF2A191545BEC8E0A8 /* UITest.swift */; };
		D64C4E3F068A72DAC3EE55CA /* index.json in Resources */ = {isa = PBXBuildFile; fileRef = 51302A50E7AA21A9E541DCCA /* index.json */; };
		DCCEFBA04FA0D9F4B3A82369 /* LeaderboardView.swift in Sources */ = {isa = PBXBuildFile; fileRef = 7B8B509697DFBBC8090A651F /* LeaderboardView.swift */; };
		E32EBE8F8A355DF917050D3E /* u1-l3.json in Resources */ = {isa = PBXBuildFile; fileRef = 5AD0360AC74655FF14213209 /* u1-l3.json */; };
		E3D7ABE47B7DEB7CC992D800 /* u2-l3.json in Resources */ = {isa = PBXBuildFile; fileRef = 24F6E19D444144965C27E580 /* u2-l3.json */; };
		F9BAA60554A6E1731942C65F /* u2-l5.json in Resources */ = {isa = PBXBuildFile; fileRef = 63E29CCB7F2581C0C451C9C0 /* u2-l5.json */; };
		FA2FF171D46EBC12EFBF3F32 /* u1-l2.json in Resources */ = {isa = PBXBuildFile; fileRef = CEE9F6B79481AC0EFE34F05E /* u1-l2.json */; };
		FA37CBFBA75EF8700018F5AA /* SplashView.swift in Sources */ = {isa = PBXBuildFile; fileRef = 999292D9D02FDA5BB2642E3C /* SplashView.swift */; };
/* End PBXBuildFile section */

/* Begin PBXFileReference section */
		13B60C5418EF7FBEAF4B9F8C /* ActivityView.swift */ = {isa = PBXFileReference; lastKnownFileType = sourcecode.swift; path = ActivityView.swift; sourceTree = "<group>"; };
		1433F9B7DF9B07BA0351FC96 /* LessonPlayerView.swift */ = {isa = PBXFileReference; lastKnownFileType = sourcecode.swift; path = LessonPlayerView.swift; sourceTree = "<group>"; };
		1A4C954195B16CB8C313B1ED /* u2-l4.json */ = {isa = PBXFileReference; lastKnownFileType = text.json; path = "u2-l4.json"; sourceTree = "<group>"; };
		1D50AC4259AB7A60B2BD290E /* API.swift */ = {isa = PBXFileReference; lastKnownFileType = sourcecode.swift; path = API.swift; sourceTree = "<group>"; };
		1E163ADF01AD5D4E8D2E6DC5 /* u0-l4.json */ = {isa = PBXFileReference; lastKnownFileType = text.json; path = "u0-l4.json"; sourceTree = "<group>"; };
		20802E07457176CA20E0D4C0 /* u0-l1.json */ = {isa = PBXFileReference; lastKnownFileType = text.json; path = "u0-l1.json"; sourceTree = "<group>"; };
		24F6E19D444144965C27E580 /* u2-l3.json */ = {isa = PBXFileReference; lastKnownFileType = text.json; path = "u2-l3.json"; sourceTree = "<group>"; };
		35FAAE680DCB6D5EB4A81EC4 /* AIBitesApp.swift */ = {isa = PBXFileReference; lastKnownFileType = sourcecode.swift; path = AIBitesApp.swift; sourceTree = "<group>"; };
		3A6D7560067BA8D15E5CA67B /* u0-l3.json */ = {isa = PBXFileReference; lastKnownFileType = text.json; path = "u0-l3.json"; sourceTree = "<group>"; };
		44EDC15FB6596717748CE609 /* Info.plist */ = {isa = PBXFileReference; lastKnownFileType = text.plist; path = Info.plist; sourceTree = "<group>"; };
		4DE635018C55B15022143C45 /* OnboardingView.swift */ = {isa = PBXFileReference; lastKnownFileType = sourcecode.swift; path = OnboardingView.swift; sourceTree = "<group>"; };
		51302A50E7AA21A9E541DCCA /* index.json */ = {isa = PBXFileReference; lastKnownFileType = text.json; path = index.json; sourceTree = "<group>"; };
		5141446EB159B76F8AD06AA9 /* u1-l5.json */ = {isa = PBXFileReference; lastKnownFileType = text.json; path = "u1-l5.json"; sourceTree = "<group>"; };
		578AB675E97857A3DA438A25 /* u1-l1.json */ = {isa = PBXFileReference; lastKnownFileType = text.json; path = "u1-l1.json"; sourceTree = "<group>"; };
		5AD0360AC74655FF14213209 /* u1-l3.json */ = {isa = PBXFileReference; lastKnownFileType = text.json; path = "u1-l3.json"; sourceTree = "<group>"; };
		611E4F7868EED2B58501ACF0 /* u2-l2.json */ = {isa = PBXFileReference; lastKnownFileType = text.json; path = "u2-l2.json"; sourceTree = "<group>"; };
		63E29CCB7F2581C0C451C9C0 /* u2-l5.json */ = {isa = PBXFileReference; lastKnownFileType = text.json; path = "u2-l5.json"; sourceTree = "<group>"; };
		756E4A3C6D945733A9617E6F /* AppStore.swift */ = {isa = PBXFileReference; lastKnownFileType = sourcecode.swift; path = AppStore.swift; sourceTree = "<group>"; };
		7767FEBD7144307288AA938D /* LessonCards.swift */ = {isa = PBXFileReference; lastKnownFileType = sourcecode.swift; path = LessonCards.swift; sourceTree = "<group>"; };
		7B8B509697DFBBC8090A651F /* LeaderboardView.swift */ = {isa = PBXFileReference; lastKnownFileType = sourcecode.swift; path = LeaderboardView.swift; sourceTree = "<group>"; };
		7F7B2C344F4E12D4874D41F4 /* Narrator.swift */ = {isa = PBXFileReference; lastKnownFileType = sourcecode.swift; path = Narrator.swift; sourceTree = "<group>"; };
		813053B582C2EFAF417CC88E /* PathView.swift */ = {isa = PBXFileReference; lastKnownFileType = sourcecode.swift; path = PathView.swift; sourceTree = "<group>"; };
		84460DF0E83E86A7001B52B4 /* ByteChatView.swift */ = {isa = PBXFileReference; lastKnownFileType = sourcecode.swift; path = ByteChatView.swift; sourceTree = "<group>"; };
		887F5294254ECF942045D447 /* HomeView.swift */ = {isa = PBXFileReference; lastKnownFileType = sourcecode.swift; path = HomeView.swift; sourceTree = "<group>"; };
		88F126AC68D5299E15BD56F1 /* u0-l5.json */ = {isa = PBXFileReference; lastKnownFileType = text.json; path = "u0-l5.json"; sourceTree = "<group>"; };
		921DABC961641ED2959E309B /* AIBites.app */ = {isa = PBXFileReference; includeInIndex = 0; lastKnownFileType = wrapper.application; path = AIBites.app; sourceTree = BUILT_PRODUCTS_DIR; };
		974276FF2A191545BEC8E0A8 /* UITest.swift */ = {isa = PBXFileReference; lastKnownFileType = sourcecode.swift; path = UITest.swift; sourceTree = "<group>"; };
		999292D9D02FDA5BB2642E3C /* SplashView.swift */ = {isa = PBXFileReference; lastKnownFileType = sourcecode.swift; path = SplashView.swift; sourceTree = "<group>"; };
		A81382DB716B2C670AF3D87C /* u2-l1.json */ = {isa = PBXFileReference; lastKnownFileType = text.json; path = "u2-l1.json"; sourceTree = "<group>"; };
		B14EBA2AB6B246673C29B455 /* u0-l2.json */ = {isa = PBXFileReference; lastKnownFileType = text.json; path = "u0-l2.json"; sourceTree = "<group>"; };
		B5DF6DF9EBC03BD1FD26F4E5 /* Mascot.swift */ = {isa = PBXFileReference; lastKnownFileType = sourcecode.swift; path = Mascot.swift; sourceTree = "<group>"; };
		B78064385C5EB36544741D30 /* Assets.xcassets */ = {isa = PBXFileReference; lastKnownFileType = folder.assetcatalog; path = Assets.xcassets; sourceTree = "<group>"; };
		CADB877B5AF42FDE3280C6B9 /* ProfileView.swift */ = {isa = PBXFileReference; lastKnownFileType = sourcecode.swift; path = ProfileView.swift; sourceTree = "<group>"; };
		CC01E1C2A2A730067441AE9B /* DesignSystem.swift */ = {isa = PBXFileReference; lastKnownFileType = sourcecode.swift; path = DesignSystem.swift; sourceTree = "<group>"; };
		CEE9F6B79481AC0EFE34F05E /* u1-l2.json */ = {isa = PBXFileReference; lastKnownFileType = text.json; path = "u1-l2.json"; sourceTree = "<group>"; };
		CF8854363A2A1CCEF380FBB1 /* NotificationsView.swift */ = {isa = PBXFileReference; lastKnownFileType = sourcecode.swift; path = NotificationsView.swift; sourceTree = "<group>"; };
		DD4B6C737D5F3FE0847E8AD0 /* Icons.swift */ = {isa = PBXFileReference; lastKnownFileType = sourcecode.swift; path = Icons.swift; sourceTree = "<group>"; };
		E50C60485E12FCEF206F4D57 /* Models.swift */ = {isa = PBXFileReference; lastKnownFileType = sourcecode.swift; path = Models.swift; sourceTree = "<group>"; };
		ECBD9D04BC7771A3A442AA33 /* RootTabView.swift */ = {isa = PBXFileReference; lastKnownFileType = sourcecode.swift; path = RootTabView.swift; sourceTree = "<group>"; };
		FF360D22F3C3FD960AF5F22A /* u1-l4.json */ = {isa = PBXFileReference; lastKnownFileType = text.json; path = "u1-l4.json"; sourceTree = "<group>"; };
/* End PBXFileReference section */

/* Begin PBXGroup section */
		3FA75E56A0A508BED4369891 /* AIBites */ = {
			isa = PBXGroup;
			children = (
				13B60C5418EF7FBEAF4B9F8C /* ActivityView.swift */,
				35FAAE680DCB6D5EB4A81EC4 /* AIBitesApp.swift */,
				1D50AC4259AB7A60B2BD290E /* API.swift */,
				756E4A3C6D945733A9617E6F /* AppStore.swift */,
				B78064385C5EB36544741D30 /* Assets.xcassets */,
				84460DF0E83E86A7001B52B4 /* ByteChatView.swift */,
				CC01E1C2A2A730067441AE9B /* DesignSystem.swift */,
				887F5294254ECF942045D447 /* HomeView.swift */,
				DD4B6C737D5F3FE0847E8AD0 /* Icons.swift */,
				44EDC15FB6596717748CE609 /* Info.plist */,
				7B8B509697DFBBC8090A651F /* LeaderboardView.swift */,
				7767FEBD7144307288AA938D /* LessonCards.swift */,
				1433F9B7DF9B07BA0351FC96 /* LessonPlayerView.swift */,
				B5DF6DF9EBC03BD1FD26F4E5 /* Mascot.swift */,
				E50C60485E12FCEF206F4D57 /* Models.swift */,
				7F7B2C344F4E12D4874D41F4 /* Narrator.swift */,
				CF8854363A2A1CCEF380FBB1 /* NotificationsView.swift */,
				4DE635018C55B15022143C45 /* OnboardingView.swift */,
				813053B582C2EFAF417CC88E /* PathView.swift */,
				CADB877B5AF42FDE3280C6B9 /* ProfileView.swift */,
				ECBD9D04BC7771A3A442AA33 /* RootTabView.swift */,
				999292D9D02FDA5BB2642E3C /* SplashView.swift */,
				974276FF2A191545BEC8E0A8 /* UITest.swift */,
				ED9A4C6D658C30151EB15542 /* Lessons */,
			);
			path = AIBites;
			sourceTree = "<group>";
		};
		67D37924469B5D4AD164B7C9 /* Products */ = {
			isa = PBXGroup;
			children = (
				921DABC961641ED2959E309B /* AIBites.app */,
			);
			name = Products;
			sourceTree = "<group>";
		};
		CB410E62CD4D93E082F74801 = {
			isa = PBXGroup;
			children = (
				3FA75E56A0A508BED4369891 /* AIBites */,
				67D37924469B5D4AD164B7C9 /* Products */,
			);
			sourceTree = "<group>";
		};
		ED9A4C6D658C30151EB15542 /* Lessons */ = {
			isa = PBXGroup;
			children = (
				51302A50E7AA21A9E541DCCA /* index.json */,
				20802E07457176CA20E0D4C0 /* u0-l1.json */,
				B14EBA2AB6B246673C29B455 /* u0-l2.json */,
				3A6D7560067BA8D15E5CA67B /* u0-l3.json */,
				1E163ADF01AD5D4E8D2E6DC5 /* u0-l4.json */,
				88F126AC68D5299E15BD56F1 /* u0-l5.json */,
				578AB675E97857A3DA438A25 /* u1-l1.json */,
				CEE9F6B79481AC0EFE34F05E /* u1-l2.json */,
				5AD0360AC74655FF14213209 /* u1-l3.json */,
				FF360D22F3C3FD960AF5F22A /* u1-l4.json */,
				5141446EB159B76F8AD06AA9 /* u1-l5.json */,
				A81382DB716B2C670AF3D87C /* u2-l1.json */,
				611E4F7868EED2B58501ACF0 /* u2-l2.json */,
				24F6E19D444144965C27E580 /* u2-l3.json */,
				1A4C954195B16CB8C313B1ED /* u2-l4.json */,
				63E29CCB7F2581C0C451C9C0 /* u2-l5.json */,
			);
			path = Lessons;
			sourceTree = "<group>";
		};
/* End PBXGroup section */

/* Begin PBXNativeTarget section */
		C4BCACE09B57BDBBE95A33CF /* AIBites */ = {
			isa = PBXNativeTarget;
			buildConfigurationList = 8068B749D8E91E4A9DF2666A /* Build configuration list for PBXNativeTarget "AIBites" */;
			buildPhases = (
				10DCB9BC5F005F13258ABBD6 /* Sources */,
				8D869861D414585192B5C757 /* Resources */,
			);
			buildRules = (
			);
			dependencies = (
			);
			name = AIBites;
			packageProductDependencies = (
			);
			productName = AIBites;
			productReference = 921DABC961641ED2959E309B /* AIBites.app */;
			productType = "com.apple.product-type.application";
		};
/* End PBXNativeTarget section */

/* Begin PBXProject section */
		F52FCB93371C1EA168D35915 /* Project object */ = {
			isa = PBXProject;
			attributes = {
				BuildIndependentTargetsInParallel = YES;
				LastUpgradeCheck = 1430;
				TargetAttributes = {
					C4BCACE09B57BDBBE95A33CF = {
						DevelopmentTeam = "";
						ProvisioningStyle = Automatic;
					};
				};
			};
			buildConfigurationList = DFD5FD2A80A7CB3EA90EB0C3 /* Build configuration list for PBXProject "AIBites" */;
			developmentRegion = en;
			hasScannedForEncodings = 0;
			knownRegions = (
				Base,
				en,
			);
			mainGroup = CB410E62CD4D93E082F74801;
			minimizedProjectReferenceProxies = 1;
			preferredProjectObjectVersion = 77;
			productRefGroup = 67D37924469B5D4AD164B7C9 /* Products */;
			projectDirPath = "";
			projectRoot = "";
			targets = (
				C4BCACE09B57BDBBE95A33CF /* AIBites */,
			);
		};
/* End PBXProject section */

/* Begin PBXResourcesBuildPhase section */
		8D869861D414585192B5C757 /* Resources */ = {
			isa = PBXResourcesBuildPhase;
			buildActionMask = 2147483647;
			files = (
				B7BC4C212C6734F56C931A6F /* Assets.xcassets in Resources */,
				D64C4E3F068A72DAC3EE55CA /* index.json in Resources */,
				585681949E199F28D45B41D1 /* u0-l1.json in Resources */,
				9A963F1F3BFCE92F3B88F0EE /* u0-l2.json in Resources */,
				5655542AFAD44A790088D074 /* u0-l3.json in Resources */,
				4D2124A7311382161EB0314E /* u0-l4.json in Resources */,
				9243D4D93934BAED07CA30AB /* u0-l5.json in Resources */,
				44079CEF76A28318B2A88DD6 /* u1-l1.json in Resources */,
				FA2FF171D46EBC12EFBF3F32 /* u1-l2.json in Resources */,
				E32EBE8F8A355DF917050D3E /* u1-l3.json in Resources */,
				A27802A1731377EE01306A6F /* u1-l4.json in Resources */,
				ADC016E130425DF22EB51ED6 /* u1-l5.json in Resources */,
				AB7E37977558CDD2630A2619 /* u2-l1.json in Resources */,
				A699C08776DE79DD6B829521 /* u2-l2.json in Resources */,
				E3D7ABE47B7DEB7CC992D800 /* u2-l3.json in Resources */,
				B6882A9BDF171340AAEEFB14 /* u2-l4.json in Resources */,
				F9BAA60554A6E1731942C65F /* u2-l5.json in Resources */,
			);
			runOnlyForDeploymentPostprocessing = 0;
		};
/* End PBXResourcesBuildPhase section */

/* Begin PBXSourcesBuildPhase section */
		10DCB9BC5F005F13258ABBD6 /* Sources */ = {
			isa = PBXSourcesBuildPhase;
			buildActionMask = 2147483647;
			files = (
				68260E889CE219278DEA99A7 /* AIBitesApp.swift in Sources */,
				480669B6B3153BE151268E1B /* API.swift in Sources */,
				7168C93510A296B23E9EC5DD /* ActivityView.swift in Sources */,
				B6F608DF32D34CF58FEC0462 /* AppStore.swift in Sources */,
				7D0526129401C91864DC72DC /* ByteChatView.swift in Sources */,
				31E0D6BB6126E46AF0E85EE9 /* DesignSystem.swift in Sources */,
				AE6B00C713E757B7067EE0BC /* HomeView.swift in Sources */,
				C1511E137EC2A9416743772E /* Icons.swift in Sources */,
				DCCEFBA04FA0D9F4B3A82369 /* LeaderboardView.swift in Sources */,
				23D2474872479DC03F161DB6 /* LessonCards.swift in Sources */,
				8E9F75D728730FD3260BA7B8 /* LessonPlayerView.swift in Sources */,
				143824037C033B24F2808F5A /* Mascot.swift in Sources */,
				2217E4289ED3D4E24EE30A96 /* Models.swift in Sources */,
				B5A0BD23DF5A76A60B59C4ED /* Narrator.swift in Sources */,
				79BC4777B64813CB8BD8F6E1 /* NotificationsView.swift in Sources */,
				5F15331469A7670ED4FF0A7E /* OnboardingView.swift in Sources */,
				1F7603E5A7EEE7B52D268F06 /* PathView.swift in Sources */,
				689FBDECC6044DCC35FB5CD4 /* ProfileView.swift in Sources */,
				75E28550514F9120FF3EC7A1 /* RootTabView.swift in Sources */,
				FA37CBFBA75EF8700018F5AA /* SplashView.swift in Sources */,
				D53A5026A2480027A3D81301 /* UITest.swift in Sources */,
			);
			runOnlyForDeploymentPostprocessing = 0;
		};
/* End PBXSourcesBuildPhase section */

/* Begin XCBuildConfiguration section */
		22BE6581DACD6BE5362ACE49 /* Release */ = {
			isa = XCBuildConfiguration;
			buildSettings = {
				ASSETCATALOG_COMPILER_APPICON_NAME = AppIcon;
				ASSETCATALOG_COMPILER_GLOBAL_ACCENT_COLOR_NAME = AccentColor;
				CODE_SIGN_IDENTITY = "iPhone Developer";
				ENABLE_USER_SCRIPT_SANDBOXING = YES;
				INFOPLIST_FILE = AIBites/Info.plist;
				LD_RUNPATH_SEARCH_PATHS = (
					"$(inherited)",
					"@executable_path/Frameworks",
				);
				PRODUCT_BUNDLE_IDENTIFIER = com.aibites.app;
				SDKROOT = iphoneos;
				SWIFT_VERSION = 5.0;
				TARGETED_DEVICE_FAMILY = 1;
			};
			name = Release;
		};
		501C8327FE14785F13FB287C /* Release */ = {
			isa = XCBuildConfiguration;
			buildSettings = {
				ALWAYS_SEARCH_USER_PATHS = NO;
				CLANG_ANALYZER_NONNULL = YES;
				CLANG_ANALYZER_NUMBER_OBJECT_CONVERSION = YES_AGGRESSIVE;
				CLANG_CXX_LANGUAGE_STANDARD = "gnu++14";
				CLANG_CXX_LIBRARY = "libc++";
				CLANG_ENABLE_MODULES = YES;
				CLANG_ENABLE_OBJC_ARC = YES;
				CLANG_ENABLE_OBJC_WEAK = YES;
				CLANG_WARN_BLOCK_CAPTURE_AUTORELEASING = YES;
				CLANG_WARN_BOOL_CONVERSION = YES;
				CLANG_WARN_COMMA = YES;
				CLANG_WARN_CONSTANT_CONVERSION = YES;
				CLANG_WARN_DEPRECATED_OBJC_IMPLEMENTATIONS = YES;
				CLANG_WARN_DIRECT_OBJC_ISA_USAGE = YES_ERROR;
				CLANG_WARN_DOCUMENTATION_COMMENTS = YES;
				CLANG_WARN_EMPTY_BODY = YES;
				CLANG_WARN_ENUM_CONVERSION = YES;
				CLANG_WARN_INFINITE_RECURSION = YES;
				CLANG_WARN_INT_CONVERSION = YES;
				CLANG_WARN_NON_LITERAL_NULL_CONVERSION = YES;
				CLANG_WARN_OBJC_IMPLICIT_RETAIN_SELF = YES;
				CLANG_WARN_OBJC_LITERAL_CONVERSION = YES;
				CLANG_WARN_OBJC_ROOT_CLASS = YES_ERROR;
				CLANG_WARN_QUOTED_INCLUDE_IN_FRAMEWORK_HEADER = YES;
				CLANG_WARN_RANGE_LOOP_ANALYSIS = YES;
				CLANG_WARN_STRICT_PROTOTYPES = YES;
				CLANG_WARN_SUSPICIOUS_MOVE = YES;
				CLANG_WARN_UNGUARDED_AVAILABILITY = YES_AGGRESSIVE;
				CLANG_WARN_UNREACHABLE_CODE = YES;
				CLANG_WARN__DUPLICATE_METHOD_MATCH = YES;
				CODE_SIGN_STYLE = Automatic;
				COPY_PHASE_STRIP = NO;
				CURRENT_PROJECT_VERSION = 1;
				DEBUG_INFORMATION_FORMAT = "dwarf-with-dsym";
				DEVELOPMENT_TEAM = "";
				ENABLE_NS_ASSERTIONS = NO;
				ENABLE_STRICT_OBJC_MSGSEND = YES;
				GCC_C_LANGUAGE_STANDARD = gnu11;
				GCC_NO_COMMON_BLOCKS = YES;
				GCC_WARN_64_TO_32_BIT_CONVERSION = YES;
				GCC_WARN_ABOUT_RETURN_TYPE = YES_ERROR;
				GCC_WARN_UNDECLARED_SELECTOR = YES;
				GCC_WARN_UNINITIALIZED_AUTOS = YES_AGGRESSIVE;
				GCC_WARN_UNUSED_FUNCTION = YES;
				GCC_WARN_UNUSED_VARIABLE = YES;
				GENERATE_INFOPLIST_FILE = NO;
				IPHONEOS_DEPLOYMENT_TARGET = 17.0;
				MARKETING_VERSION = 1.0;
				MTL_ENABLE_DEBUG_INFO = NO;
				MTL_FAST_MATH = YES;
				PRODUCT_NAME = "$(TARGET_NAME)";
				SDKROOT = iphoneos;
				SWIFT_COMPILATION_MODE = wholemodule;
				SWIFT_OPTIMIZATION_LEVEL = "-O";
				SWIFT_VERSION = 5.0;
			};
			name = Release;
		};
		9D8EAF45F50F063D77253960 /* Debug */ = {
			isa = XCBuildConfiguration;
			buildSettings = {
				ALWAYS_SEARCH_USER_PATHS = NO;
				CLANG_ANALYZER_NONNULL = YES;
				CLANG_ANALYZER_NUMBER_OBJECT_CONVERSION = YES_AGGRESSIVE;
				CLANG_CXX_LANGUAGE_STANDARD = "gnu++14";
				CLANG_CXX_LIBRARY = "libc++";
				CLANG_ENABLE_MODULES = YES;
				CLANG_ENABLE_OBJC_ARC = YES;
				CLANG_ENABLE_OBJC_WEAK = YES;
				CLANG_WARN_BLOCK_CAPTURE_AUTORELEASING = YES;
				CLANG_WARN_BOOL_CONVERSION = YES;
				CLANG_WARN_COMMA = YES;
				CLANG_WARN_CONSTANT_CONVERSION = YES;
				CLANG_WARN_DEPRECATED_OBJC_IMPLEMENTATIONS = YES;
				CLANG_WARN_DIRECT_OBJC_ISA_USAGE = YES_ERROR;
				CLANG_WARN_DOCUMENTATION_COMMENTS = YES;
				CLANG_WARN_EMPTY_BODY = YES;
				CLANG_WARN_ENUM_CONVERSION = YES;
				CLANG_WARN_INFINITE_RECURSION = YES;
				CLANG_WARN_INT_CONVERSION = YES;
				CLANG_WARN_NON_LITERAL_NULL_CONVERSION = YES;
				CLANG_WARN_OBJC_IMPLICIT_RETAIN_SELF = YES;
				CLANG_WARN_OBJC_LITERAL_CONVERSION = YES;
				CLANG_WARN_OBJC_ROOT_CLASS = YES_ERROR;
				CLANG_WARN_QUOTED_INCLUDE_IN_FRAMEWORK_HEADER = YES;
				CLANG_WARN_RANGE_LOOP_ANALYSIS = YES;
				CLANG_WARN_STRICT_PROTOTYPES = YES;
				CLANG_WARN_SUSPICIOUS_MOVE = YES;
				CLANG_WARN_UNGUARDED_AVAILABILITY = YES_AGGRESSIVE;
				CLANG_WARN_UNREACHABLE_CODE = YES;
				CLANG_WARN__DUPLICATE_METHOD_MATCH = YES;
				CODE_SIGN_STYLE = Automatic;
				COPY_PHASE_STRIP = NO;
				CURRENT_PROJECT_VERSION = 1;
				DEBUG_INFORMATION_FORMAT = dwarf;
				DEVELOPMENT_TEAM = "";
				ENABLE_STRICT_OBJC_MSGSEND = YES;
				ENABLE_TESTABILITY = YES;
				GCC_C_LANGUAGE_STANDARD = gnu11;
				GCC_DYNAMIC_NO_PIC = NO;
				GCC_NO_COMMON_BLOCKS = YES;
				GCC_OPTIMIZATION_LEVEL = 0;
				GCC_PREPROCESSOR_DEFINITIONS = (
					"$(inherited)",
					"DEBUG=1",
				);
				GCC_WARN_64_TO_32_BIT_CONVERSION = YES;
				GCC_WARN_ABOUT_RETURN_TYPE = YES_ERROR;
				GCC_WARN_UNDECLARED_SELECTOR = YES;
				GCC_WARN_UNINITIALIZED_AUTOS = YES_AGGRESSIVE;
				GCC_WARN_UNUSED_FUNCTION = YES;
				GCC_WARN_UNUSED_VARIABLE = YES;
				GENERATE_INFOPLIST_FILE = NO;
				IPHONEOS_DEPLOYMENT_TARGET = 17.0;
				MARKETING_VERSION = 1.0;
				MTL_ENABLE_DEBUG_INFO = INCLUDE_SOURCE;
				MTL_FAST_MATH = YES;
				ONLY_ACTIVE_ARCH = YES;
				PRODUCT_NAME = "$(TARGET_NAME)";
				SDKROOT = iphoneos;
				SWIFT_ACTIVE_COMPILATION_CONDITIONS = DEBUG;
				SWIFT_OPTIMIZATION_LEVEL = "-Onone";
				SWIFT_VERSION = 5.0;
			};
			name = Debug;
		};
		E3E9D596A622067A2F236DDE /* Debug */ = {
			isa = XCBuildConfiguration;
			buildSettings = {
				ASSETCATALOG_COMPILER_APPICON_NAME = AppIcon;
				ASSETCATALOG_COMPILER_GLOBAL_ACCENT_COLOR_NAME = AccentColor;
				CODE_SIGN_IDENTITY = "iPhone Developer";
				ENABLE_USER_SCRIPT_SANDBOXING = YES;
				INFOPLIST_FILE = AIBites/Info.plist;
				LD_RUNPATH_SEARCH_PATHS = (
					"$(inherited)",
					"@executable_path/Frameworks",
				);
				PRODUCT_BUNDLE_IDENTIFIER = com.aibites.app;
				SDKROOT = iphoneos;
				SWIFT_VERSION = 5.0;
				TARGETED_DEVICE_FAMILY = 1;
			};
			name = Debug;
		};
/* End XCBuildConfiguration section */

/* Begin XCConfigurationList section */
		8068B749D8E91E4A9DF2666A /* Build configuration list for PBXNativeTarget "AIBites" */ = {
			isa = XCConfigurationList;
			buildConfigurations = (
				E3E9D596A622067A2F236DDE /* Debug */,
				22BE6581DACD6BE5362ACE49 /* Release */,
			);
			defaultConfigurationIsVisible = 0;
			defaultConfigurationName = Debug;
		};
		DFD5FD2A80A7CB3EA90EB0C3 /* Build configuration list for PBXProject "AIBites" */ = {
			isa = XCConfigurationList;
			buildConfigurations = (
				9D8EAF45F50F063D77253960 /* Debug */,
				501C8327FE14785F13FB287C /* Release */,
			);
			defaultConfigurationIsVisible = 0;
			defaultConfigurationName = Debug;
		};
/* End XCConfigurationList section */
	};
	rootObject = F52FCB93371C1EA168D35915 /* Project object */;
}
